
Microsoft Visual Studio Solution File, Format Version 12.00
# Visual Studio Version 17
VisualStudioVersion = 17.0.32002.185
MinimumVisualStudioVersion = 10.0.40219.1
Project("{8BC9CEB8-8B4A-11D0-8D11-00A0C91BC942}") = "Reversi-DQN", "Reversi-DQN\Reversi-DQN.vcxproj", "{59B4B924-15DA-4B2F-92CD-C1DAAD904042}"
EndProject
Project("{888888A0-9F3D-457C-B088-3A5042F75D52}") = "Python-Reversi-DQN-For-Training", "Python-Reversi-DQN-For-Training\Python-Reversi-DQN-For-Training.pyproj", "{9AB00E09-CCFB-421E-A250-324690AE61AB}"
EndProject
Global
	GlobalSection(SolutionConfigurationPlatforms) = preSolution
		Debug|Any CPU = Debug|Any CPU
		Debug|x64 = Debug|x64
		Debug|x86 = Debug|x86
		Release|Any CPU = Release|Any CPU
		Release|x64 = Release|x64
		Release|x86 = Release|x86
	EndGlobalSection
	GlobalSection(ProjectConfigurationPlatforms) = postSolution
		{59B4B924-15DA-4B2F-92CD-C1DAAD904042}.Debug|Any CPU.ActiveCfg = Debug|x64
		{59B4B924-15DA-4B2F-92CD-C1DAAD904042}.Debug|Any CPU.Build.0 = Debug|x64
		{59B4B924-15DA-4B2F-92CD-C1DAAD904042}.Debug|x64.ActiveCfg = Debug|x64
		{59B4B924-15DA-4B2F-92CD-C1DAAD904042}.Debug|x64.Build.0 = Debug|x64
		{59B4B924-15DA-4B2F-92CD-C1DAAD904042}.Debug|x86.ActiveCfg = Debug|Win32
		{59B4B924-15DA-4B2F-92CD-C1DAAD904042}.Debug|x86.Build.0 = Debug|Win32
		{59B4B924-15DA-4B2F-92CD-C1DAAD904042}.Release|Any CPU.ActiveCfg = Release|x64
		{59B4B924-15DA-4B2F-92CD-C1DAAD904042}.Release|Any CPU.Build.0 = Release|x64
		{59B4B924-15DA-4B2F-92CD-C1DAAD904042}.Release|x64.ActiveCfg = Release|x64
		{59B4B924-15DA-4B2F-92CD-C1DAAD904042}.Release|x64.Build.0 = Release|x64
		{59B4B924-15DA-4B2F-92CD-C1DAAD904042}.Release|x86.ActiveCfg = Release|Win32
		{59B4B924-15DA-4B2F-92CD-C1DAAD904042}.Release|x86.Build.0 = Release|Win32
		{9AB00E09-CCFB-421E-A250-324690AE61AB}.Debug|Any CPU.ActiveCfg = Debug|Any CPU
		{9AB00E09-CCFB-421E-A250-324690AE61AB}.Debug|x64.ActiveCfg = Debug|Any CPU
		{9AB00E09-CCFB-421E-A250-324690AE61AB}.Debug|x86.ActiveCfg = Debug|Any CPU
		{9AB00E09-CCFB-421E-A250-324690AE61AB}.Release|Any CPU.ActiveCfg = Release|Any CPU
		{9AB00E09-CCFB-421E-A250-324690AE61AB}.Release|x64.ActiveCfg = Release|Any CPU
		{9AB00E09-CCFB-421E-A250-324690AE61AB}.Release|x86.ActiveCfg = Release|Any CPU
	EndGlobalSection
	GlobalSection(SolutionProperties) = preSolution
		HideSolutionNode = FALSE
	EndGlobalSection
	GlobalSection(ExtensibilityGlobals) = postSolution
		SolutionGuid = {69A0E433-F03C-4716-AD3A-1662E2AB50B9}
	EndGlobalSection
EndGlobal
